Microsoft Visual Studio Solution File, Format Version 12.00
# Visual Studio Version 17
VisualStudioVersion = 17.5.2.0
MinimumVisualStudioVersion = 10.0.40219.1
Project("{FAE04EC0-301F-11D3-BF4B-00C04F79EFBC}") = "GatitoChat.Core", "GatitoChat.Core.csproj", "{125253C3-B838-9E14-CB0B-7ECE696DCACD}"
EndProject
Global
	GlobalSection(SolutionConfigurationPlatforms) = preSolution
		Debug|Any CPU = Debug|Any CPU
		Release|Any CPU = Release|Any CPU
	EndGlobalSection
	GlobalSection(ProjectConfigurationPlatforms) = postSolution
		{125253C3-B838-9E14-CB0B-7ECE696DCACD}.Debug|Any CPU.ActiveCfg = Debug|Any CPU
		{125253C3-B838-9E14-CB0B-7ECE696DCACD}.Debug|Any CPU.Build.0 = Debug|Any CPU
		{125253C3-B838-9E14-CB0B-7ECE696DCACD}.Release|Any CPU.ActiveCfg = Release|Any CPU
		{125253C3-B838-9E14-CB0B-7ECE696DCACD}.Release|Any CPU.Build.0 = Release|Any CPU
	EndGlobalSection
	GlobalSection(SolutionProperties) = preSolution
		HideSolutionNode = FALSE
	EndGlobalSection
	GlobalSection(ExtensibilityGlobals) = postSolution
		SolutionGuid = {10D1BFAA-9152-4D03-9338-EEBD28F9DEE8}
	EndGlobalSection
EndGlobal
